lockfileVersion: '6.0'

settings:
  autoInstallPeers: true
  excludeLinksFromLockfile: false

dependencies:
  zod:
    specifier: ^3.22.4
    version: 3.22.4

devDependencies:
  '@hookform/resolvers':
    specifier: ^3.3.1
    version: 3.3.1(react-hook-form@7.47.0)

packages:

  /@hookform/resolvers@3.3.1(react-hook-form@7.47.0):
    resolution: {integrity: sha512-K7KCKRKjymxIB90nHDQ7b9nli474ru99ZbqxiqDAWYsYhOsU3/4qLxW91y+1n04ic13ajjZ66L3aXbNef8PELQ==}
    peerDependencies:
      react-hook-form: ^7.0.0
    dependencies:
      react-hook-form: 7.47.0(react@18.2.0)
    dev: true

  /js-tokens@4.0.0:
    resolution: {integrity: sha512-RdJUflcE3cUzKiMqQgsCu06FPu9UdIJO0beYbPhHN4k6apgJtifcoCtT9bcxOpYBtpD2kCM6Sbzg4CausW/PKQ==}
    dev: true

  /loose-envify@1.4.0:
    resolution: {integrity: sha512-lyuxPGr/Wfhrlem2CL/UcnUc1zcqKAImBDzukY7Y5F/yQiNdko6+fRLevlw1HgMySw7f611UIY408EtxRSoK3Q==}
    hasBin: true
    dependencies:
      js-tokens: 4.0.0
    dev: true

  /react-hook-form@7.47.0(react@18.2.0):
    resolution: {integrity: sha512-F/TroLjTICipmHeFlMrLtNLceO2xr1jU3CyiNla5zdwsGUGu2UOxxR4UyJgLlhMwLW/Wzp4cpJ7CPfgJIeKdSg==}
    engines: {node: '>=12.22.0'}
    peerDependencies:
      react: ^16.8.0 || ^17 || ^18
    dependencies:
      react: 18.2.0
    dev: true

  /react@18.2.0:
    resolution: {integrity: sha512-/3IjMdb2L9QbBdWiW5e3P2/npwMBaU9mHCSCUzNln0ZCYbcfTsGbTJrU/kGemdH2IWmB2ioZ+zkxtmq6g09fGQ==}
    engines: {node: '>=0.10.0'}
    dependencies:
      loose-envify: 1.4.0
    dev: true

  /zod@3.22.4:
    resolution: {integrity: sha512-iC+8Io04lddc+mVqQ9AZ7OQ2MrUKGN+oIQyq1vemgt46jwCwLfhq7/pwnBnNXXXZb8VTVLKwp9EDkx+ryxIWmg==}
    dev: false
